// !$*UTF8*$!
{
	archiveVersion = 1;
	classes = {
	};
	objectVersion = 56;
	objects = {

/* Begin PBXBuildFile section */
		E11D96FC2CC0FFEF0085BC3A /* ItemView.swift in Sources */ = {isa = PBXBuildFile; fileRef = E11D96FB2CC0FFEF0085BC3A /* ItemView.swift */; };
		E136296E2CBD35DB00ABF456 /* SharedStateSandboxTests.swift in Sources */ = {isa = PBXBuildFile; fileRef = E136296D2CBD35DB00ABF456 /* SharedStateSandboxTests.swift */; };
		E16533E42CB571B0002798F1 /* SharedStateSandboxApp.swift in Sources */ = {isa = PBXBuildFile; fileRef = E16533E32CB571B0002798F1 /* SharedStateSandboxApp.swift */; };
		E16533E62CB571B0002798F1 /* ContentView.swift in Sources */ = {isa = PBXBuildFile; fileRef = E16533E52CB571B0002798F1 /* ContentView.swift */; };
		E16533E82CB571B0002798F1 /* Assets.xcassets in Resources */ = {isa = PBXBuildFile; fileRef = E16533E72CB571B0002798F1 /* Assets.xcassets */; };
		E16533EB2CB571B0002798F1 /* Preview Assets.xcassets in Resources */ = {isa = PBXBuildFile; fileRef = E16533EA2CB571B0002798F1 /* Preview Assets.xcassets */; };
		E16533F32CB5728B002798F1 /* ComposableArchitecture in Frameworks */ = {isa = PBXBuildFile; productRef = E16533F22CB5728B002798F1 /* ComposableArchitecture */; };
		E16533F82CB57309002798F1 /* Models.swift in Sources */ = {isa = PBXBuildFile; fileRef = E16533F72CB57309002798F1 /* Models.swift */; };
		E16533FC2CB577E1002798F1 /* Shared.swift in Sources */ = {isa = PBXBuildFile; fileRef = E16533FB2CB577E1002798F1 /* Shared.swift */; };
		E16533FE2CB5850C002798F1 /* FavesList.swift in Sources */ = {isa = PBXBuildFile; fileRef = E16533FD2CB5850C002798F1 /* FavesList.swift */; };
		E16534002CB58543002798F1 /* FavesListView.swift in Sources */ = {isa = PBXBuildFile; fileRef = E16533FF2CB58543002798F1 /* FavesListView.swift */; };
		E17B1FAA2CC0190800E61DC4 /* ListFeature.swift in Sources */ = {isa = PBXBuildFile; fileRef = E17B1FA82CC0190800E61DC4 /* ListFeature.swift */; };
		E17B1FAB2CC0190800E61DC4 /* ListView.swift in Sources */ = {isa = PBXBuildFile; fileRef = E17B1FA92CC0190800E61DC4 /* ListView.swift */; };
		E17B1FAD2CC0238700E61DC4 /* Effect.swift in Sources */ = {isa = PBXBuildFile; fileRef = E17B1FAC2CC0238700E61DC4 /* Effect.swift */; };
/* End PBXBuildFile section */

/* Begin PBXContainerItemProxy section */
		E136296F2CBD35DB00ABF456 /* PBXContainerItemProxy */ = {
			isa = PBXContainerItemProxy;
			containerPortal = E16533D82CB571B0002798F1 /* Project object */;
			proxyType = 1;
			remoteGlobalIDString = E16533DF2CB571B0002798F1;
			remoteInfo = SharedStateSandbox;
		};
/* End PBXContainerItemProxy section */

/* Begin PBXFileReference section */
		E11D96FB2CC0FFEF0085BC3A /* ItemView.swift */ = {isa = PBXFileReference; lastKnownFileType = sourcecode.swift; path = ItemView.swift; sourceTree = "<group>"; };
		E136296B2CBD35DB00ABF456 /* SharedStateSandboxTests.xctest */ = {isa = PBXFileReference; explicitFileType = wrapper.cfbundle; includeInIndex = 0; path = SharedStateSandboxTests.xctest; sourceTree = BUILT_PRODUCTS_DIR; };
		E136296D2CBD35DB00ABF456 /* SharedStateSandboxTests.swift */ = {isa = PBXFileReference; lastKnownFileType = sourcecode.swift; path = SharedStateSandboxTests.swift; sourceTree = "<group>"; };
		E16533E02CB571B0002798F1 /* SharedStateSandbox.app */ = {isa = PBXFileReference; explicitFileType = wrapper.application; includeInIndex = 0; path = SharedStateSandbox.app; sourceTree = BUILT_PRODUCTS_DIR; };
		E16533E32CB571B0002798F1 /* SharedStateSandboxApp.swift */ = {isa = PBXFileReference; lastKnownFileType = sourcecode.swift; path = SharedStateSandboxApp.swift; sourceTree = "<group>"; };
		E16533E52CB571B0002798F1 /* ContentView.swift */ = {isa = PBXFileReference; lastKnownFileType = sourcecode.swift; path = ContentView.swift; sourceTree = "<group>"; };
		E16533E72CB571B0002798F1 /* Assets.xcassets */ = {isa = PBXFileReference; lastKnownFileType = folder.assetcatalog; path = Assets.xcassets; sourceTree = "<group>"; };
		E16533EA2CB571B0002798F1 /* Preview Assets.xcassets */ = {isa = PBXFileReference; lastKnownFileType = folder.assetcatalog; path = "Preview Assets.xcassets"; sourceTree = "<group>"; };
		E16533F72CB57309002798F1 /* Models.swift */ = {isa = PBXFileReference; lastKnownFileType = sourcecode.swift; path = Models.swift; sourceTree = "<group>"; };
		E16533FB2CB577E1002798F1 /* Shared.swift */ = {isa = PBXFileReference; lastKnownFileType = sourcecode.swift; path = Shared.swift; sourceTree = "<group>"; };
		E16533FD2CB5850C002798F1 /* FavesList.swift */ = {isa = PBXFileReference; lastKnownFileType = sourcecode.swift; path = FavesList.swift; sourceTree = "<group>"; };
		E16533FF2CB58543002798F1 /* FavesListView.swift */ = {isa = PBXFileReference; lastKnownFileType = sourcecode.swift; path = FavesListView.swift; sourceTree = "<group>"; };
		E17B1FA82CC0190800E61DC4 /* ListFeature.swift */ = {isa = PBXFileReference; fileEncoding = 4; lastKnownFileType = sourcecode.swift; path = ListFeature.swift; sourceTree = "<group>"; };
		E17B1FA92CC0190800E61DC4 /* ListView.swift */ = {isa = PBXFileReference; fileEncoding = 4; lastKnownFileType = sourcecode.swift; path = ListView.swift; sourceTree = "<group>"; };
		E17B1FAC2CC0238700E61DC4 /* Effect.swift */ = {isa = PBXFileReference; lastKnownFileType = sourcecode.swift; path = Effect.swift; sourceTree = "<group>"; };
/* End PBXFileReference section */

/* Begin PBXFrameworksBuildPhase section */
		E13629682CBD35DB00ABF456 /* Frameworks */ = {
			isa = PBXFrameworksBuildPhase;
			buildActionMask = 2147483647;
			files = (
			);
			runOnlyForDeploymentPostprocessing = 0;
		};
		E16533DD2CB571B0002798F1 /* Frameworks */ = {
			isa = PBXFrameworksBuildPhase;
			buildActionMask = 2147483647;
			files = (
				E16533F32CB5728B002798F1 /* ComposableArchitecture in Frameworks */,
			);
			runOnlyForDeploymentPostprocessing = 0;
		};
/* End PBXFrameworksBuildPhase section */

/* Begin PBXGroup section */
		E136296C2CBD35DB00ABF456 /* SharedStateSandboxTests */ = {
			isa = PBXGroup;
			children = (
				E136296D2CBD35DB00ABF456 /* SharedStateSandboxTests.swift */,
			);
			path = SharedStateSandboxTests;
			sourceTree = "<group>";
		};
		E16533D72CB571B0002798F1 = {
			isa = PBXGroup;
			children = (
				E16533E22CB571B0002798F1 /* SharedStateSandbox */,
				E136296C2CBD35DB00ABF456 /* SharedStateSandboxTests */,
				E16533E12CB571B0002798F1 /* Products */,
			);
			sourceTree = "<group>";
		};
		E16533E12CB571B0002798F1 /* Products */ = {
			isa = PBXGroup;
			children = (
				E16533E02CB571B0002798F1 /* SharedStateSandbox.app */,
				E136296B2CBD35DB00ABF456 /* SharedStateSandboxTests.xctest */,
			);
			name = Products;
			sourceTree = "<group>";
		};
		E16533E22CB571B0002798F1 /* SharedStateSandbox */ = {
			isa = PBXGroup;
			children = (
				E16533F42CB5729F002798F1 /* ListView */,
				E16533E32CB571B0002798F1 /* SharedStateSandboxApp.swift */,
				E16533E52CB571B0002798F1 /* ContentView.swift */,
				E16533E72CB571B0002798F1 /* Assets.xcassets */,
				E16533E92CB571B0002798F1 /* Preview Content */,
				E16533F72CB57309002798F1 /* Models.swift */,
				E16533FB2CB577E1002798F1 /* Shared.swift */,
				E17B1FAC2CC0238700E61DC4 /* Effect.swift */,
			);
			path = SharedStateSandbox;
			sourceTree = "<group>";
		};
		E16533E92CB571B0002798F1 /* Preview Content */ = {
			isa = PBXGroup;
			children = (
				E16533EA2CB571B0002798F1 /* Preview Assets.xcassets */,
			);
			path = "Preview Content";
			sourceTree = "<group>";
		};
		E16533F42CB5729F002798F1 /* ListView */ = {
			isa = PBXGroup;
			children = (
				E17B1FA82CC0190800E61DC4 /* ListFeature.swift */,
				E17B1FA92CC0190800E61DC4 /* ListView.swift */,
				E16533FD2CB5850C002798F1 /* FavesList.swift */,
				E16533FF2CB58543002798F1 /* FavesListView.swift */,
				E11D96FB2CC0FFEF0085BC3A /* ItemView.swift */,
			);
			path = ListView;
			sourceTree = "<group>";
		};
/* End PBXGroup section */

/* Begin PBXNativeTarget section */
		E136296A2CBD35DB00ABF456 /* SharedStateSandboxTests */ = {
			isa = PBXNativeTarget;
			buildConfigurationList = E13629732CBD35DB00ABF456 /* Build configuration list for PBXNativeTarget "SharedStateSandboxTests" */;
			buildPhases = (
				E13629672CBD35DB00ABF456 /* Sources */,
				E13629682CBD35DB00ABF456 /* Frameworks */,
				E13629692CBD35DB00ABF456 /* Resources */,
			);
			buildRules = (
			);
			dependencies = (
				E13629702CBD35DB00ABF456 /* PBXTargetDependency */,
			);
			name = SharedStateSandboxTests;
			productName = SharedStateSandboxTests;
			productReference = E136296B2CBD35DB00ABF456 /* SharedStateSandboxTests.xctest */;
			productType = "com.apple.product-type.bundle.unit-test";
		};
		E16533DF2CB571B0002798F1 /* SharedStateSandbox */ = {
			isa = PBXNativeTarget;
			buildConfigurationList = E16533EE2CB571B0002798F1 /* Build configuration list for PBXNativeTarget "SharedStateSandbox" */;
			buildPhases = (
				E16533DC2CB571B0002798F1 /* Sources */,
				E16533DD2CB571B0002798F1 /* Frameworks */,
				E16533DE2CB571B0002798F1 /* Resources */,
			);
			buildRules = (
			);
			dependencies = (
			);
			name = SharedStateSandbox;
			packageProductDependencies = (
				E16533F22CB5728B002798F1 /* ComposableArchitecture */,
			);
			productName = SharedStateSandbox;
			productReference = E16533E02CB571B0002798F1 /* SharedStateSandbox.app */;
			productType = "com.apple.product-type.application";
		};
/* End PBXNativeTarget section */

/* Begin PBXProject section */
		E16533D82CB571B0002798F1 /* Project object */ = {
			isa = PBXProject;
			attributes = {
				BuildIndependentTargetsInParallel = 1;
				LastSwiftUpdateCheck = 1540;
				LastUpgradeCheck = 1540;
				TargetAttributes = {
					E136296A2CBD35DB00ABF456 = {
						CreatedOnToolsVersion = 15.4;
						TestTargetID = E16533DF2CB571B0002798F1;
					};
					E16533DF2CB571B0002798F1 = {
						CreatedOnToolsVersion = 15.4;
					};
				};
			};
			buildConfigurationList = E16533DB2CB571B0002798F1 /* Build configuration list for PBXProject "SharedStateSandbox" */;
			compatibilityVersion = "Xcode 14.0";
			developmentRegion = en;
			hasScannedForEncodings = 0;
			knownRegions = (
				en,
				Base,
			);
			mainGroup = E16533D72CB571B0002798F1;
			packageReferences = (
				E16533F12CB5728B002798F1 /* XCRemoteSwiftPackageReference "swift-composable-architecture" */,
			);
			productRefGroup = E16533E12CB571B0002798F1 /* Products */;
			projectDirPath = "";
			projectRoot = "";
			targets = (
				E16533DF2CB571B0002798F1 /* SharedStateSandbox */,
				E136296A2CBD35DB00ABF456 /* SharedStateSandboxTests */,
			);
		};
/* End PBXProject section */

/* Begin PBXResourcesBuildPhase section */
		E13629692CBD35DB00ABF456 /* Resources */ = {
			isa = PBXResourcesBuildPhase;
			buildActionMask = 2147483647;
			files = (
			);
			runOnlyForDeploymentPostprocessing = 0;
		};
		E16533DE2CB571B0002798F1 /* Resources */ = {
			isa = PBXResourcesBuildPhase;
			buildActionMask = 2147483647;
			files = (
				E16533EB2CB571B0002798F1 /* Preview Assets.xcassets in Resources */,
				E16533E82CB571B0002798F1 /* Assets.xcassets in Resources */,
			);
			runOnlyForDeploymentPostprocessing = 0;
		};
/* End PBXResourcesBuildPhase section */

/* Begin PBXSourcesBuildPhase section */
		E13629672CBD35DB00ABF456 /* Sources */ = {
			isa = PBXSourcesBuildPhase;
			buildActionMask = 2147483647;
			files = (
				E136296E2CBD35DB00ABF456 /* SharedStateSandboxTests.swift in Sources */,
			);
			runOnlyForDeploymentPostprocessing = 0;
		};
		E16533DC2CB571B0002798F1 /* Sources */ = {
			isa = PBXSourcesBuildPhase;
			buildActionMask = 2147483647;
			files = (
				E16533FC2CB577E1002798F1 /* Shared.swift in Sources */,
				E16534002CB58543002798F1 /* FavesListView.swift in Sources */,
				E16533FE2CB5850C002798F1 /* FavesList.swift in Sources */,
				E17B1FAA2CC0190800E61DC4 /* ListFeature.swift in Sources */,
				E17B1FAB2CC0190800E61DC4 /* ListView.swift in Sources */,
				E11D96FC2CC0FFEF0085BC3A /* ItemView.swift in Sources */,
				E16533E62CB571B0002798F1 /* ContentView.swift in Sources */,
				E16533E42CB571B0002798F1 /* SharedStateSandboxApp.swift in Sources */,
				E16533F82CB57309002798F1 /* Models.swift in Sources */,
				E17B1FAD2CC0238700E61DC4 /* Effect.swift in Sources */,
			);
			runOnlyForDeploymentPostprocessing = 0;
		};
/* End PBXSourcesBuildPhase section */

/* Begin PBXTargetDependency section */
		E13629702CBD35DB00ABF456 /* PBXTargetDependency */ = {
			isa = PBXTargetDependency;
			target = E16533DF2CB571B0002798F1 /* SharedStateSandbox */;
			targetProxy = E136296F2CBD35DB00ABF456 /* PBXContainerItemProxy */;
		};
/* End PBXTargetDependency section */

/* Begin XCBuildConfiguration section */
		E13629712CBD35DB00ABF456 /* Debug */ = {
			isa = XCBuildConfiguration;
			buildSettings = {
				BUNDLE_LOADER = "$(TEST_HOST)";
				CODE_SIGN_STYLE = Automatic;
				CURRENT_PROJECT_VERSION = 1;
				GENERATE_INFOPLIST_FILE = YES;
				IPHONEOS_DEPLOYMENT_TARGET = 17.5;
				MARKETING_VERSION = 1.0;
				PRODUCT_BUNDLE_IDENTIFIER = me.antonyuk.SharedStateSandboxTests;
				PRODUCT_NAME = "$(TARGET_NAME)";
				SWIFT_EMIT_LOC_STRINGS = NO;
				SWIFT_VERSION = 5.0;
				TARGETED_DEVICE_FAMILY = "1,2";
				TEST_HOST = "$(BUILT_PRODUCTS_DIR)/SharedStateSandbox.app/$(BUNDLE_EXECUTABLE_FOLDER_PATH)/SharedStateSandbox";
			};
			name = Debug;
		};
		E13629722CBD35DB00ABF456 /* Release */ = {
			isa = XCBuildConfiguration;
			buildSettings = {
				BUNDLE_LOADER = "$(TEST_HOST)";
				CODE_SIGN_STYLE = Automatic;
				CURRENT_PROJECT_VERSION = 1;
				GENERATE_INFOPLIST_FILE = YES;
				IPHONEOS_DEPLOYMENT_TARGET = 17.5;
				MARKETING_VERSION = 1.0;
				PRODUCT_BUNDLE_IDENTIFIER = me.antonyuk.SharedStateSandboxTests;
				PRODUCT_NAME = "$(TARGET_NAME)";
				SWIFT_EMIT_LOC_STRINGS = NO;
				SWIFT_VERSION = 5.0;
				TARGETED_DEVICE_FAMILY = "1,2";
				TEST_HOST = "$(BUILT_PRODUCTS_DIR)/SharedStateSandbox.app/$(BUNDLE_EXECUTABLE_FOLDER_PATH)/SharedStateSandbox";
			};
			name = Release;
		};
		E16533EC2CB571B0002798F1 /* Debug */ = {
			isa = XCBuildConfiguration;
			buildSettings = {
				ALWAYS_SEARCH_USER_PATHS = NO;
				ASSETCATALOG_COMPILER_GENERATE_SWIFT_ASSET_SYMBOL_EXTENSIONS = YES;
				CLANG_ANALYZER_NONNULL = YES;
				CLANG_ANALYZER_NUMBER_OBJECT_CONVERSION = YES_AGGRESSIVE;
				CLANG_CXX_LANGUAGE_STANDARD = "gnu++20";
				CLANG_ENABLE_MODULES = YES;
				CLANG_ENABLE_OBJC_ARC = YES;
				CLANG_ENABLE_OBJC_WEAK = YES;
				CLANG_WARN_BLOCK_CAPTURE_AUTORELEASING = YES;
				CLANG_WARN_BOOL_CONVERSION = YES;
				CLANG_WARN_COMMA = YES;
				CLANG_WARN_CONSTANT_CONVERSION = YES;
				CLANG_WARN_DEPRECATED_OBJC_IMPLEMENTATIONS = YES;
				CLANG_WARN_DIRECT_OBJC_ISA_USAGE = YES_ERROR;
				CLANG_WARN_DOCUMENTATION_COMMENTS = YES;
				CLANG_WARN_EMPTY_BODY = YES;
				CLANG_WARN_ENUM_CONVERSION = YES;
				CLANG_WARN_INFINITE_RECURSION = YES;
				CLANG_WARN_INT_CONVERSION = YES;
				CLANG_WARN_NON_LITERAL_NULL_CONVERSION = YES;
				CLANG_WARN_OBJC_IMPLICIT_RETAIN_SELF = YES;
				CLANG_WARN_OBJC_LITERAL_CONVERSION = YES;
				CLANG_WARN_OBJC_ROOT_CLASS = YES_ERROR;
				CLANG_WARN_QUOTED_INCLUDE_IN_FRAMEWORK_HEADER = YES;
				CLANG_WARN_RANGE_LOOP_ANALYSIS = YES;
				CLANG_WARN_STRICT_PROTOTYPES = YES;
				CLANG_WARN_SUSPICIOUS_MOVE = YES;
				CLANG_WARN_UNGUARDED_AVAILABILITY = YES_AGGRESSIVE;
				CLANG_WARN_UNREACHABLE_CODE = YES;
				CLANG_WARN__DUPLICATE_METHOD_MATCH = YES;
				COPY_PHASE_STRIP = NO;
				DEBUG_INFORMATION_FORMAT = dwarf;
				ENABLE_STRICT_OBJC_MSGSEND = YES;
				ENABLE_TESTABILITY = YES;
				ENABLE_USER_SCRIPT_SANDBOXING = YES;
				GCC_C_LANGUAGE_STANDARD = gnu17;
				GCC_DYNAMIC_NO_PIC = NO;
				GCC_NO_COMMON_BLOCKS = YES;
				GCC_OPTIMIZATION_LEVEL = 0;
				GCC_PREPROCESSOR_DEFINITIONS = (
					"DEBUG=1",
					"$(inherited)",
				);
				GCC_WARN_64_TO_32_BIT_CONVERSION = YES;
				GCC_WARN_ABOUT_RETURN_TYPE = YES_ERROR;
				GCC_WARN_UNDECLARED_SELECTOR = YES;
				GCC_WARN_UNINITIALIZED_AUTOS = YES_AGGRESSIVE;
				GCC_WARN_UNUSED_FUNCTION = YES;
				GCC_WARN_UNUSED_VARIABLE = YES;
				IPHONEOS_DEPLOYMENT_TARGET = 16.4;
				LOCALIZATION_PREFERS_STRING_CATALOGS = YES;
				MTL_ENABLE_DEBUG_INFO = INCLUDE_SOURCE;
				MTL_FAST_MATH = YES;
				ONLY_ACTIVE_ARCH = YES;
				SDKROOT = iphoneos;
				SWIFT_ACTIVE_COMPILATION_CONDITIONS = "DEBUG $(inherited)";
				SWIFT_OPTIMIZATION_LEVEL = "-Onone";
			};
			name = Debug;
		};
		E16533ED2CB571B0002798F1 /* Release */ = {
			isa = XCBuildConfiguration;
			buildSettings = {
				ALWAYS_SEARCH_USER_PATHS = NO;
				ASSETCATALOG_COMPILER_GENERATE_SWIFT_ASSET_SYMBOL_EXTENSIONS = YES;
				CLANG_ANALYZER_NONNULL = YES;
				CLANG_ANALYZER_NUMBER_OBJECT_CONVERSION = YES_AGGRESSIVE;
				CLANG_CXX_LANGUAGE_STANDARD = "gnu++20";
				CLANG_ENABLE_MODULES = YES;
				CLANG_ENABLE_OBJC_ARC = YES;
				CLANG_ENABLE_OBJC_WEAK = YES;
				CLANG_WARN_BLOCK_CAPTURE_AUTORELEASING = YES;
				CLANG_WARN_BOOL_CONVERSION = YES;
				CLANG_WARN_COMMA = YES;
				CLANG_WARN_CONSTANT_CONVERSION = YES;
				CLANG_WARN_DEPRECATED_OBJC_IMPLEMENTATIONS = YES;
				CLANG_WARN_DIRECT_OBJC_ISA_USAGE = YES_ERROR;
				CLANG_WARN_DOCUMENTATION_COMMENTS = YES;
				CLANG_WARN_EMPTY_BODY = YES;
				CLANG_WARN_ENUM_CONVERSION = YES;
				CLANG_WARN_INFINITE_RECURSION = YES;
				CLANG_WARN_INT_CONVERSION = YES;
				CLANG_WARN_NON_LITERAL_NULL_CONVERSION = YES;
				CLANG_WARN_OBJC_IMPLICIT_RETAIN_SELF = YES;
				CLANG_WARN_OBJC_LITERAL_CONVERSION = YES;
				CLANG_WARN_OBJC_ROOT_CLASS = YES_ERROR;
				CLANG_WARN_QUOTED_INCLUDE_IN_FRAMEWORK_HEADER = YES;
				CLANG_WARN_RANGE_LOOP_ANALYSIS = YES;
				CLANG_WARN_STRICT_PROTOTYPES = YES;
				CLANG_WARN_SUSPICIOUS_MOVE = YES;
				CLANG_WARN_UNGUARDED_AVAILABILITY = YES_AGGRESSIVE;
				CLANG_WARN_UNREACHABLE_CODE = YES;
				CLANG_WARN__DUPLICATE_METHOD_MATCH = YES;
				COPY_PHASE_STRIP = NO;
				DEBUG_INFORMATION_FORMAT = "dwarf-with-dsym";
				ENABLE_NS_ASSERTIONS = NO;
				ENABLE_STRICT_OBJC_MSGSEND = YES;
				ENABLE_USER_SCRIPT_SANDBOXING = YES;
				GCC_C_LANGUAGE_STANDARD = gnu17;
				GCC_NO_COMMON_BLOCKS = YES;
				GCC_WARN_64_TO_32_BIT_CONVERSION = YES;
				GCC_WARN_ABOUT_RETURN_TYPE = YES_ERROR;
				GCC_WARN_UNDECLARED_SELECTOR = YES;
				GCC_WARN_UNINITIALIZED_AUTOS = YES_AGGRESSIVE;
				GCC_WARN_UNUSED_FUNCTION = YES;
				GCC_WARN_UNUSED_VARIABLE = YES;
				IPHONEOS_DEPLOYMENT_TARGET = 16.4;
				LOCALIZATION_PREFERS_STRING_CATALOGS = YES;
				MTL_ENABLE_DEBUG_INFO = NO;
				MTL_FAST_MATH = YES;
				SDKROOT = iphoneos;
				SWIFT_COMPILATION_MODE = wholemodule;
				VALIDATE_PRODUCT = YES;
			};
			name = Release;
		};
		E16533EF2CB571B0002798F1 /* Debug */ = {
			isa = XCBuildConfiguration;
			buildSettings = {
				ASSETCATALOG_COMPILER_APPICON_NAME = AppIcon;
				ASSETCATALOG_COMPILER_GLOBAL_ACCENT_COLOR_NAME = AccentColor;
				CODE_SIGN_STYLE = Automatic;
				CURRENT_PROJECT_VERSION = 1;
				DEVELOPMENT_ASSET_PATHS = "\"SharedStateSandbox/Preview Content\"";
				ENABLE_PREVIEWS = YES;
				GENERATE_INFOPLIST_FILE = YES;
				INFOPLIST_KEY_UIApplicationSceneManifest_Generation = YES;
				INFOPLIST_KEY_UIApplicationSupportsIndirectInputEvents = YES;
				INFOPLIST_KEY_UILaunchScreen_Generation = YES;
				INFOPLIST_KEY_UISupportedInterfaceOrientations_iPad = "UIInterfaceOrientationPortrait UIInterfaceOrientationPortraitUpsideDown UIInterfaceOrientationLandscapeLeft UIInterfaceOrientationLandscapeRight";
				INFOPLIST_KEY_UISupportedInterfaceOrientations_iPhone = "UIInterfaceOrientationPortrait UIInterfaceOrientationLandscapeLeft UIInterfaceOrientationLandscapeRight";
				IPHONEOS_DEPLOYMENT_TARGET = 16.4;
				LD_RUNPATH_SEARCH_PATHS = (
					"$(inherited)",
					"@executable_path/Frameworks",
				);
				MARKETING_VERSION = 1.0;
				PRODUCT_BUNDLE_IDENTIFIER = me.antonyuk.SharedStateSandbox;
				PRODUCT_NAME = "$(TARGET_NAME)";
				SWIFT_EMIT_LOC_STRINGS = YES;
				SWIFT_VERSION = 5.0;
				TARGETED_DEVICE_FAMILY = "1,2";
			};
			name = Debug;
		};
		E16533F02CB571B0002798F1 /* Release */ = {
			isa = XCBuildConfiguration;
			buildSettings = {
				ASSETCATALOG_COMPILER_APPICON_NAME = AppIcon;
				ASSETCATALOG_COMPILER_GLOBAL_ACCENT_COLOR_NAME = AccentColor;
				CODE_SIGN_STYLE = Automatic;
				CURRENT_PROJECT_VERSION = 1;
				DEVELOPMENT_ASSET_PATHS = "\"SharedStateSandbox/Preview Content\"";
				ENABLE_PREVIEWS = YES;
				GENERATE_INFOPLIST_FILE = YES;
				INFOPLIST_KEY_UIApplicationSceneManifest_Generation = YES;
				INFOPLIST_KEY_UIApplicationSupportsIndirectInputEvents = YES;
				INFOPLIST_KEY_UILaunchScreen_Generation = YES;
				INFOPLIST_KEY_UISupportedInterfaceOrientations_iPad = "UIInterfaceOrientationPortrait UIInterfaceOrientationPortraitUpsideDown UIInterfaceOrientationLandscapeLeft UIInterfaceOrientationLandscapeRight";
				INFOPLIST_KEY_UISupportedInterfaceOrientations_iPhone = "UIInterfaceOrientationPortrait UIInterfaceOrientationLandscapeLeft UIInterfaceOrientationLandscapeRight";
				IPHONEOS_DEPLOYMENT_TARGET = 16.4;
				LD_RUNPATH_SEARCH_PATHS = (
					"$(inherited)",
					"@executable_path/Frameworks",
				);
				MARKETING_VERSION = 1.0;
				PRODUCT_BUNDLE_IDENTIFIER = me.antonyuk.SharedStateSandbox;
				PRODUCT_NAME = "$(TARGET_NAME)";
				SWIFT_EMIT_LOC_STRINGS = YES;
				SWIFT_VERSION = 5.0;
				TARGETED_DEVICE_FAMILY = "1,2";
			};
			name = Release;
		};
/* End XCBuildConfiguration section */

/* Begin XCConfigurationList section */
		E13629732CBD35DB00ABF456 /* Build configuration list for PBXNativeTarget "SharedStateSandboxTests" */ = {
			isa = XCConfigurationList;
			buildConfigurations = (
				E13629712CBD35DB00ABF456 /* Debug */,
				E13629722CBD35DB00ABF456 /* Release */,
			);
			defaultConfigurationIsVisible = 0;
			defaultConfigurationName = Release;
		};
		E16533DB2CB571B0002798F1 /* Build configuration list for PBXProject "SharedStateSandbox" */ = {
			isa = XCConfigurationList;
			buildConfigurations = (
				E16533EC2CB571B0002798F1 /* Debug */,
				E16533ED2CB571B0002798F1 /* Release */,
			);
			defaultConfigurationIsVisible = 0;
			defaultConfigurationName = Release;
		};
		E16533EE2CB571B0002798F1 /* Build configuration list for PBXNativeTarget "SharedStateSandbox" */ = {
			isa = XCConfigurationList;
			buildConfigurations = (
				E16533EF2CB571B0002798F1 /* Debug */,
				E16533F02CB571B0002798F1 /* Release */,
			);
			defaultConfigurationIsVisible = 0;
			defaultConfigurationName = Release;
		};
/* End XCConfigurationList section */

/* Begin XCRemoteSwiftPackageReference section */
		E16533F12CB5728B002798F1 /* XCRemoteSwiftPackageReference "swift-composable-architecture" */ = {
			isa = XCRemoteSwiftPackageReference;
			repositoryURL = "https://github.com/pointfreeco/swift-composable-architecture";
			requirement = {
				kind = upToNextMajorVersion;
				minimumVersion = 1.15.0;
			};
		};
/* End XCRemoteSwiftPackageReference section */

/* Begin XCSwiftPackageProductDependency section */
		E16533F22CB5728B002798F1 /* ComposableArchitecture */ = {
			isa = XCSwiftPackageProductDependency;
			package = E16533F12CB5728B002798F1 /* XCRemoteSwiftPackageReference "swift-composable-architecture" */;
			productName = ComposableArchitecture;
		};
/* End XCSwiftPackageProductDependency section */
	};
	rootObject = E16533D82CB571B0002798F1 /* Project object */;
}
